// !$*UTF8*$!
{
	archiveVersion = 1;
	classes = {
	};
	objectVersion = 50;
	objects = {

/* Begin PBXBuildFile section */
		4215F917236347A00073BEFF /* AppDelegate.swift in Sources */ = {isa = PBXBuildFile; fileRef = 4215F916236347A00073BEFF /* AppDelegate.swift */; };
		4215F919236347A00073BEFF /* SceneDelegate.swift in Sources */ = {isa = PBXBuildFile; fileRef = 4215F918236347A00073BEFF /* SceneDelegate.swift */; };
		4215F91B236347A00073BEFF /* ViewController.swift in Sources */ = {isa = PBXBuildFile; fileRef = 4215F91A236347A00073BEFF /* ViewController.swift */; };
		4215F91E236347A00073BEFF /* Main.storyboard in Resources */ = {isa = PBXBuildFile; fileRef = 4215F91C236347A00073BEFF /* Main.storyboard */; };
		4215F920236347A10073BEFF /* Assets.xcassets in Resources */ = {isa = PBXBuildFile; fileRef = 4215F91F236347A10073BEFF /* Assets.xcassets */; };
		4215F923236347A10073BEFF /* LaunchScreen.storyboard in Resources */ = {isa = PBXBuildFile; fileRef = 4215F921236347A10073BEFF /* LaunchScreen.storyboard */; };
		421962322364C07300A97E16 /* CustomTableViewCell.swift in Sources */ = {isa = PBXBuildFile; fileRef = 421962312364C07300A97E16 /* CustomTableViewCell.swift */; };
		426FDAB82366E66900B6440F /* Book.swift in Sources */ = {isa = PBXBuildFile; fileRef = 426FDAB72366E66900B6440F /* Book.swift */; };
		426FDABD2366E7C200B6440F /* Extensions.swift in Sources */ = {isa = PBXBuildFile; fileRef = 426FDABC2366E7C200B6440F /* Extensions.swift */; };
/* End PBXBuildFile section */

/* Begin PBXFileReference section */
		4215F913236347A00073BEFF /* Books.app */ = {isa = PBXFileReference; explicitFileType = wrapper.application; includeInIndex = 0; path = Books.app; sourceTree = BUILT_PRODUCTS_DIR; };
		4215F916236347A00073BEFF /* AppDelegate.swift */ = {isa = PBXFileReference; lastKnownFileType = sourcecode.swift; path = AppDelegate.swift; sourceTree = "<group>"; };
		4215F918236347A00073BEFF /* SceneDelegate.swift */ = {isa = PBXFileReference; lastKnownFileType = sourcecode.swift; path = SceneDelegate.swift; sourceTree = "<group>"; };
		4215F91A236347A00073BEFF /* ViewController.swift */ = {isa = PBXFileReference; lastKnownFileType = sourcecode.swift; path = ViewController.swift; sourceTree = "<group>"; };
		4215F91D236347A00073BEFF /* Base */ = {isa = PBXFileReference; lastKnownFileType = file.storyboard; name = Base; path = Base.lproj/Main.storyboard; sourceTree = "<group>"; };
		4215F91F236347A10073BEFF /* Assets.xcassets */ = {isa = PBXFileReference; lastKnownFileType = folder.assetcatalog; path = Assets.xcassets; sourceTree = "<group>"; };
		4215F922236347A10073BEFF /* Base */ = {isa = PBXFileReference; lastKnownFileType = file.storyboard; name = Base; path = Base.lproj/LaunchScreen.storyboard; sourceTree = "<group>"; };
		4215F924236347A10073BEFF /* Info.plist */ = {isa = PBXFileReference; lastKnownFileType = text.plist.xml; path = Info.plist; sourceTree = "<group>"; };
		421962312364C07300A97E16 /* CustomTableViewCell.swift */ = {isa = PBXFileReference; lastKnownFileType = sourcecode.swift; path = CustomTableViewCell.swift; sourceTree = "<group>"; };
		426FDAB72366E66900B6440F /* Book.swift */ = {isa = PBXFileReference; lastKnownFileType = sourcecode.swift; path = Book.swift; sourceTree = "<group>"; };
		426FDABC2366E7C200B6440F /* Extensions.swift */ = {isa = PBXFileReference; lastKnownFileType = sourcecode.swift; path = Extensions.swift; sourceTree = "<group>"; };
/* End PBXFileReference section */

/* Begin PBXFrameworksBuildPhase section */
		4215F910236347A00073BEFF /* Frameworks */ = {
			isa = PBXFrameworksBuildPhase;
			buildActionMask = 2147483647;
			files = (
			);
			runOnlyForDeploymentPostprocessing = 0;
		};
/* End PBXFrameworksBuildPhase section */

/* Begin PBXGroup section */
		4215F90A236347A00073BEFF = {
			isa = PBXGroup;
			children = (
				4215F915236347A00073BEFF /* Books */,
				4215F914236347A00073BEFF /* Products */,
			);
			sourceTree = "<group>";
		};
		4215F914236347A00073BEFF /* Products */ = {
			isa = PBXGroup;
			children = (
				4215F913236347A00073BEFF /* Books.app */,
			);
			name = Products;
			sourceTree = "<group>";
		};
		4215F915236347A00073BEFF /* Books */ = {
			isa = PBXGroup;
			children = (
				4215F916236347A00073BEFF /* AppDelegate.swift */,
				4215F918236347A00073BEFF /* SceneDelegate.swift */,
				426FDAB92366E69A00B6440F /* Models */,
				426FDABB2366E7A100B6440F /* Views */,
				426FDABA2366E73900B6440F /* Controllers */,
				426FDABE2366EAB900B6440F /* Extensions */,
				4215F91F236347A10073BEFF /* Assets.xcassets */,
				4215F924236347A10073BEFF /* Info.plist */,
			);
			path = Books;
			sourceTree = "<group>";
		};
		426FDAB92366E69A00B6440F /* Models */ = {
			isa = PBXGroup;
			children = (
				426FDAB72366E66900B6440F /* Book.swift */,
			);
			path = Models;
			sourceTree = "<group>";
		};
		426FDABA2366E73900B6440F /* Controllers */ = {
			isa = PBXGroup;
			children = (
				4215F91A236347A00073BEFF /* ViewController.swift */,
			);
			path = Controllers;
			sourceTree = "<group>";
		};
		426FDABB2366E7A100B6440F /* Views */ = {
			isa = PBXGroup;
			children = (
				421962312364C07300A97E16 /* CustomTableViewCell.swift */,
				4215F91C236347A00073BEFF /* Main.storyboard */,
				4215F921236347A10073BEFF /* LaunchScreen.storyboard */,
			);
			name = Views;
			sourceTree = "<group>";
		};
		426FDABE2366EAB900B6440F /* Extensions */ = {
			isa = PBXGroup;
			children = (
				426FDABC2366E7C200B6440F /* Extensions.swift */,
			);
			path = Extensions;
			sourceTree = "<group>";
		};
/* End PBXGroup section */

/* Begin PBXNativeTarget section */
		4215F912236347A00073BEFF /* Books */ = {
			isa = PBXNativeTarget;
			buildConfigurationList = 4215F927236347A10073BEFF /* Build configuration list for PBXNativeTarget "Books" */;
			buildPhases = (
				4215F90F236347A00073BEFF /* Sources */,
				4215F910236347A00073BEFF /* Frameworks */,
				4215F911236347A00073BEFF /* Resources */,
			);
			buildRules = (
			);
			dependencies = (
			);
			name = Books;
			productName = Books;
			productReference = 4215F913236347A00073BEFF /* Books.app */;
			productType = "com.apple.product-type.application";
		};
/* End PBXNativeTarget section */

/* Begin PBXProject section */
		4215F90B236347A00073BEFF /* Project object */ = {
			isa = PBXProject;
			attributes = {
				LastSwiftUpdateCheck = 1100;
				LastUpgradeCheck = 1100;
				ORGANIZATIONNAME = "Dzmitry Krukov";
				TargetAttributes = {
					4215F912236347A00073BEFF = {
						CreatedOnToolsVersion = 11.0;
					};
				};
			};
			buildConfigurationList = 4215F90E236347A00073BEFF /* Build configuration list for PBXProject "Books" */;
			compatibilityVersion = "Xcode 9.3";
			developmentRegion = en;
			hasScannedForEncodings = 0;
			knownRegions = (
				en,
				Base,
			);
			mainGroup = 4215F90A236347A00073BEFF;
			productRefGroup = 4215F914236347A00073BEFF /* Products */;
			projectDirPath = "";
			projectRoot = "";
			targets = (
				4215F912236347A00073BEFF /* Books */,
			);
		};
/* End PBXProject section */

/* Begin PBXResourcesBuildPhase section */
		4215F911236347A00073BEFF /* Resources */ = {
			isa = PBXResourcesBuildPhase;
			buildActionMask = 2147483647;
			files = (
				4215F923236347A10073BEFF /* LaunchScreen.storyboard in Resources */,
				4215F920236347A10073BEFF /* Assets.xcassets in Resources */,
				4215F91E236347A00073BEFF /* Main.storyboard in Resources */,
			);
			runOnlyForDeploymentPostprocessing = 0;
		};
/* End PBXResourcesBuildPhase section */

/* Begin PBXSourcesBuildPhase section */
		4215F90F236347A00073BEFF /* Sources */ = {
			isa = PBXSourcesBuildPhase;
			buildActionMask = 2147483647;
			files = (
				4215F91B236347A00073BEFF /* ViewController.swift in Sources */,
				426FDABD2366E7C200B6440F /* Extensions.swift in Sources */,
				4215F917236347A00073BEFF /* AppDelegate.swift in Sources */,
				421962322364C07300A97E16 /* CustomTableViewCell.swift in Sources */,
				4215F919236347A00073BEFF /* SceneDelegate.swift in Sources */,
				426FDAB82366E66900B6440F /* Book.swift in Sources */,
			);
			runOnlyForDeploymentPostprocessing = 0;
		};
/* End PBXSourcesBuildPhase section */

/* Begin PBXVariantGroup section */
		4215F91C236347A00073BEFF /* Main.storyboard */ = {
			isa = PBXVariantGroup;
			children = (
				4215F91D236347A00073BEFF /* Base */,
			);
			name = Main.storyboard;
			sourceTree = "<group>";
		};
		4215F921236347A10073BEFF /* LaunchScreen.storyboard */ = {
			isa = PBXVariantGroup;
			children = (
				4215F922236347A10073BEFF /* Base */,
			);
			name = LaunchScreen.storyboard;
			sourceTree = "<group>";
		};
/* End PBXVariantGroup section */

/* Begin XCBuildConfiguration section */
		4215F925236347A10073BEFF /* Debug */ = {
			isa = XCBuildConfiguration;
			buildSettings = {
				ALWAYS_SEARCH_USER_PATHS = NO;
				CLANG_ANALYZER_NONNULL = YES;
				CLANG_ANALYZER_NUMBER_OBJECT_CONVERSION = YES_AGGRESSIVE;
				CLANG_CXX_LANGUAGE_STANDARD = "gnu++14";
				CLANG_CXX_LIBRARY = "libc++";
				CLANG_ENABLE_MODULES = YES;
				CLANG_ENABLE_OBJC_ARC = YES;
				CLANG_ENABLE_OBJC_WEAK = YES;
				CLANG_WARN_BLOCK_CAPTURE_AUTORELEASING = YES;
				CLANG_WARN_BOOL_CONVERSION = YES;
				CLANG_WARN_COMMA = YES;
				CLANG_WARN_CONSTANT_CONVERSION = YES;
				CLANG_WARN_DEPRECATED_OBJC_IMPLEMENTATIONS = YES;
				CLANG_WARN_DIRECT_OBJC_ISA_USAGE = YES_ERROR;
				CLANG_WARN_DOCUMENTATION_COMMENTS = YES;
				CLANG_WARN_EMPTY_BODY = YES;
				CLANG_WARN_ENUM_CONVERSION = YES;
				CLANG_WARN_INFINITE_RECURSION = YES;
				CLANG_WARN_INT_CONVERSION = YES;
				CLANG_WARN_NON_LITERAL_NULL_CONVERSION = YES;
				CLANG_WARN_OBJC_IMPLICIT_RETAIN_SELF = YES;
				CLANG_WARN_OBJC_LITERAL_CONVERSION = YES;
				CLANG_WARN_OBJC_ROOT_CLASS = YES_ERROR;
				CLANG_WARN_RANGE_LOOP_ANALYSIS = YES;
				CLANG_WARN_STRICT_PROTOTYPES = YES;
				CLANG_WARN_SUSPICIOUS_MOVE = YES;
				CLANG_WARN_UNGUARDED_AVAILABILITY = YES_AGGRESSIVE;
				CLANG_WARN_UNREACHABLE_CODE = YES;
				CLANG_WARN__DUPLICATE_METHOD_MATCH = YES;
				COPY_PHASE_STRIP = NO;
				DEBUG_INFORMATION_FORMAT = dwarf;
				ENABLE_STRICT_OBJC_MSGSEND = YES;
				ENABLE_TESTABILITY = YES;
				GCC_C_LANGUAGE_STANDARD = gnu11;
				GCC_DYNAMIC_NO_PIC = NO;
				GCC_NO_COMMON_BLOCKS = YES;
				GCC_OPTIMIZATION_LEVEL = 0;
				GCC_PREPROCESSOR_DEFINITIONS = (
					"DEBUG=1",
					"$(inherited)",
				);
				GCC_WARN_64_TO_32_BIT_CONVERSION = YES;
				GCC_WARN_ABOUT_RETURN_TYPE = YES_ERROR;
				GCC_WARN_UNDECLARED_SELECTOR = YES;
				GCC_WARN_UNINITIALIZED_AUTOS = YES_AGGRESSIVE;
				GCC_WARN_UNUSED_FUNCTION = YES;
				GCC_WARN_UNUSED_VARIABLE = YES;
				IPHONEOS_DEPLOYMENT_TARGET = 12.2;
				MTL_ENABLE_DEBUG_INFO = INCLUDE_SOURCE;
				MTL_FAST_MATH = YES;
				ONLY_ACTIVE_ARCH = YES;
				SDKROOT = iphoneos;
				SWIFT_ACTIVE_COMPILATION_CONDITIONS = DEBUG;
				SWIFT_OPTIMIZATION_LEVEL = "-Onone";
			};
			name = Debug;
		};
		4215F926236347A10073BEFF /* Release */ = {
			isa = XCBuildConfiguration;
			buildSettings = {
				ALWAYS_SEARCH_USER_PATHS = NO;
				CLANG_ANALYZER_NONNULL = YES;
				CLANG_ANALYZER_NUMBER_OBJECT_CONVERSION = YES_AGGRESSIVE;
				CLANG_CXX_LANGUAGE_STANDARD = "gnu++14";
				CLANG_CXX_LIBRARY = "libc++";
				CLANG_ENABLE_MODULES = YES;
				CLANG_ENABLE_OBJC_ARC = YES;
				CLANG_ENABLE_OBJC_WEAK = YES;
				CLANG_WARN_BLOCK_CAPTURE_AUTORELEASING = YES;
				CLANG_WARN_BOOL_CONVERSION = YES;
				CLANG_WARN_COMMA = YES;
				CLANG_WARN_CONSTANT_CONVERSION = YES;
				CLANG_WARN_DEPRECATED_OBJC_IMPLEMENTATIONS = YES;
				CLANG_WARN_DIRECT_OBJC_ISA_USAGE = YES_ERROR;
				CLANG_WARN_DOCUMENTATION_COMMENTS = YES;
				CLANG_WARN_EMPTY_BODY = YES;
				CLANG_WARN_ENUM_CONVERSION = YES;
				CLANG_WARN_INFINITE_RECURSION = YES;
				CLANG_WARN_INT_CONVERSION = YES;
				CLANG_WARN_NON_LITERAL_NULL_CONVERSION = YES;
				CLANG_WARN_OBJC_IMPLICIT_RETAIN_SELF = YES;
				CLANG_WARN_OBJC_LITERAL_CONVERSION = YES;
				CLANG_WARN_OBJC_ROOT_CLASS = YES_ERROR;
				CLANG_WARN_RANGE_LOOP_ANALYSIS = YES;
				CLANG_WARN_STRICT_PROTOTYPES = YES;
				CLANG_WARN_SUSPICIOUS_MOVE = YES;
				CLANG_WARN_UNGUARDED_AVAILABILITY = YES_AGGRESSIVE;
				CLANG_WARN_UNREACHABLE_CODE = YES;
				CLANG_WARN__DUPLICATE_METHOD_MATCH = YES;
				COPY_PHASE_STRIP = NO;
				DEBUG_INFORMATION_FORMAT = "dwarf-with-dsym";
				ENABLE_NS_ASSERTIONS = NO;
				ENABLE_STRICT_OBJC_MSGSEND = YES;
				GCC_C_LANGUAGE_STANDARD = gnu11;
				GCC_NO_COMMON_BLOCKS = YES;
				GCC_WARN_64_TO_32_BIT_CONVERSION = YES;
				GCC_WARN_ABOUT_RETURN_TYPE = YES_ERROR;
				GCC_WARN_UNDECLARED_SELECTOR = YES;
				GCC_WARN_UNINITIALIZED_AUTOS = YES_AGGRESSIVE;
				GCC_WARN_UNUSED_FUNCTION = YES;
				GCC_WARN_UNUSED_VARIABLE = YES;
				IPHONEOS_DEPLOYMENT_TARGET = 12.2;
				MTL_ENABLE_DEBUG_INFO = NO;
				MTL_FAST_MATH = YES;
				SDKROOT = iphoneos;
				SWIFT_COMPILATION_MODE = wholemodule;
				SWIFT_OPTIMIZATION_LEVEL = "-O";
				VALIDATE_PRODUCT = YES;
			};
			name = Release;
		};
		4215F928236347A10073BEFF /* Debug */ = {
			isa = XCBuildConfiguration;
			buildSettings = {
				ASSETCATALOG_COMPILER_APPICON_NAME = AppIcon;
				CODE_SIGN_STYLE = Automatic;
				DEVELOPMENT_TEAM = RB9B57SJ6S;
				INFOPLIST_FILE = Books/Info.plist;
				IPHONEOS_DEPLOYMENT_TARGET = 12.2;
				LD_RUNPATH_SEARCH_PATHS = (
					"$(inherited)",
					"@executable_path/Frameworks",
				);
				PRODUCT_BUNDLE_IDENTIFIER = com.home.Books;
				PRODUCT_NAME = "$(TARGET_NAME)";
				SWIFT_VERSION = 5.0;
				TARGETED_DEVICE_FAMILY = 1;
			};
			name = Debug;
		};
		4215F929236347A10073BEFF /* Release */ = {
			isa = XCBuildConfiguration;
			buildSettings = {
				ASSETCATALOG_COMPILER_APPICON_NAME = AppIcon;
				CODE_SIGN_STYLE = Automatic;
				DEVELOPMENT_TEAM = RB9B57SJ6S;
				INFOPLIST_FILE = Books/Info.plist;
				IPHONEOS_DEPLOYMENT_TARGET = 12.2;
				LD_RUNPATH_SEARCH_PATHS = (
					"$(inherited)",
					"@executable_path/Frameworks",
				);
				PRODUCT_BUNDLE_IDENTIFIER = com.home.Books;
				PRODUCT_NAME = "$(TARGET_NAME)";
				SWIFT_VERSION = 5.0;
				TARGETED_DEVICE_FAMILY = 1;
			};
			name = Release;
		};
/* End XCBuildConfiguration section */

/* Begin XCConfigurationList section */
		4215F90E236347A00073BEFF /* Build configuration list for PBXProject "Books" */ = {
			isa = XCConfigurationList;
			buildConfigurations = (
				4215F925236347A10073BEFF /* Debug */,
				4215F926236347A10073BEFF /* Release */,
			);
			defaultConfigurationIsVisible = 0;
			defaultConfigurationName = Release;
		};
		4215F927236347A10073BEFF /* Build configuration list for PBXNativeTarget "Books" */ = {
			isa = XCConfigurationList;
			buildConfigurations = (
				4215F928236347A10073BEFF /* Debug */,
				4215F929236347A10073BEFF /* Release */,
			);
			defaultConfigurationIsVisible = 0;
			defaultConfigurationName = Release;
		};
/* End XCConfigurationList section */
	};
	rootObject = 4215F90B236347A00073BEFF /* Project object */;
}
